{
  "name": "5.write-sql-queries",
  "version": "1.0.0",
  "lockfileVersion": 3,
  "requires": true,
  "packages": {
    "": {
      "name": "5.write-sql-queries",
      "version": "1.0.0",
      "license": "ISC",
      "dependencies": {
        "@electric-sql/pglite": "^0.3.8"
      }
    },
    "node_modules/@electric-sql/pglite": {
      "version": "0.3.8",
      "resolved": "https://registry.npmjs.org/@electric-sql/pglite/-/pglite-0.3.8.tgz",
      "integrity": "sha512-VlAz/R7mktifp9IHzNvjxWJM8p3fPH2lHpustYuRSOXOpXiAMTlA5qqxcufPaDnfee6CZCE9qrT1MHDT7riSHg==",
      "license": "Apache-2.0"
    }
  }
}
